
Microsoft Visual Studio Solution File, Format Version 12.00
# Visual Studio 14
VisualStudioVersion = 14.0.25420.1
MinimumVisualStudioVersion = 10.0.40219.1
Project("{FAE04EC0-301F-11D3-BF4B-00C04F79EFBC}") = "ITB.VENDIX.BL", "ITB.VENDIX.BL\ITB.VENDIX.BL.csproj", "{6054577C-75F1-46D5-B9D3-10962A343763}"
EndProject
Project("{FAE04EC0-301F-11D3-BF4B-00C04F79EFBC}") = "ITB.VENDIX.DA", "ITB.VENDIX.DA\ITB.VENDIX.DA.csproj", "{E9051714-3BC0-4589-97B4-C7CE387DFC34}"
EndProject
Project("{FAE04EC0-301F-11D3-BF4B-00C04F79EFBC}") = "ITB.VENDIX.BE", "ITB.VENDIX.BE\ITB.VENDIX.BE.csproj", "{6A5D29AE-EE19-4B3D-9F24-5B0F427F2A54}"
EndProject
Project("{FAE04EC0-301F-11D3-BF4B-00C04F79EFBC}") = "Web", "Web\Web.csproj", "{D55F28F9-3F7F-4ACC-92BC-46431E884FA5}"
EndProject
Project("{00D1A9C2-B5F0-4AF3-8072-F6C62B433612}") = "BD", "BD\BD.sqlproj", "{66229B49-C766-4618-A1C8-D80CBA1FED07}"
EndProject
Global
	GlobalSection(SolutionConfigurationPlatforms) = preSolution
		Debug|Any CPU = Debug|Any CPU
		Release|Any CPU = Release|Any CPU
	EndGlobalSection
	GlobalSection(ProjectConfigurationPlatforms) = postSolution
		{6054577C-75F1-46D5-B9D3-10962A343763}.Debug|Any CPU.ActiveCfg = Debug|Any CPU
		{6054577C-75F1-46D5-B9D3-10962A343763}.Debug|Any CPU.Build.0 = Debug|Any CPU
		{6054577C-75F1-46D5-B9D3-10962A343763}.Release|Any CPU.ActiveCfg = Release|Any CPU
		{6054577C-75F1-46D5-B9D3-10962A343763}.Release|Any CPU.Build.0 = Release|Any CPU
		{E9051714-3BC0-4589-97B4-C7CE387DFC34}.Debug|Any CPU.ActiveCfg = Debug|Any CPU
		{E9051714-3BC0-4589-97B4-C7CE387DFC34}.Debug|Any CPU.Build.0 = Debug|Any CPU
		{E9051714-3BC0-4589-97B4-C7CE387DFC34}.Release|Any CPU.ActiveCfg = Release|Any CPU
		{E9051714-3BC0-4589-97B4-C7CE387DFC34}.Release|Any CPU.Build.0 = Release|Any CPU
		{6A5D29AE-EE19-4B3D-9F24-5B0F427F2A54}.Debug|Any CPU.ActiveCfg = Debug|Any CPU
		{6A5D29AE-EE19-4B3D-9F24-5B0F427F2A54}.Debug|Any CPU.Build.0 = Debug|Any CPU
		{6A5D29AE-EE19-4B3D-9F24-5B0F427F2A54}.Release|Any CPU.ActiveCfg = Release|Any CPU
		{6A5D29AE-EE19-4B3D-9F24-5B0F427F2A54}.Release|Any CPU.Build.0 = Release|Any CPU
		{D55F28F9-3F7F-4ACC-92BC-46431E884FA5}.Debug|Any CPU.ActiveCfg = Debug|Any CPU
		{D55F28F9-3F7F-4ACC-92BC-46431E884FA5}.Debug|Any CPU.Build.0 = Debug|Any CPU
		{D55F28F9-3F7F-4ACC-92BC-46431E884FA5}.Release|Any CPU.ActiveCfg = Release|Any CPU
		{D55F28F9-3F7F-4ACC-92BC-46431E884FA5}.Release|Any CPU.Build.0 = Release|Any CPU
		{66229B49-C766-4618-A1C8-D80CBA1FED07}.Debug|Any CPU.ActiveCfg = Debug|Any CPU
		{66229B49-C766-4618-A1C8-D80CBA1FED07}.Debug|Any CPU.Build.0 = Debug|Any CPU
		{66229B49-C766-4618-A1C8-D80CBA1FED07}.Debug|Any CPU.Deploy.0 = Debug|Any CPU
		{66229B49-C766-4618-A1C8-D80CBA1FED07}.Release|Any CPU.ActiveCfg = Release|Any CPU
		{66229B49-C766-4618-A1C8-D80CBA1FED07}.Release|Any CPU.Build.0 = Release|Any CPU
		{66229B49-C766-4618-A1C8-D80CBA1FED07}.Release|Any CPU.Deploy.0 = Release|Any CPU
	EndGlobalSection
	GlobalSection(SolutionProperties) = preSolution
		HideSolutionNode = FALSE
	EndGlobalSection
EndGlobal
